// !$*UTF8*$!
{
	archiveVersion = 1;
	classes = {
	};
	objectVersion = 48;
	objects = {

/* Begin PBXBuildFile section */
		A32D5C8D1FD928DC008F41EA /* GenreCollectionViewCell.swift in Sources */ = {isa = PBXBuildFile; fileRef = A32D5C8C1FD928DC008F41EA /* GenreCollectionViewCell.swift */; };
		A32D5C931FD964A4008F41EA /* GenreCollectionViewCell.xib in Resources */ = {isa = PBXBuildFile; fileRef = A32D5C921FD964A4008F41EA /* GenreCollectionViewCell.xib */; };
		A3735E7C1FD9EA6700A00551 /* ColorCell.swift in Sources */ = {isa = PBXBuildFile; fileRef = A3735E7A1FD9EA6700A00551 /* ColorCell.swift */; };
		A3735E7D1FD9EA6700A00551 /* ColorCell.xib in Resources */ = {isa = PBXBuildFile; fileRef = A3735E7B1FD9EA6700A00551 /* ColorCell.xib */; };
		A3735E7F1FD9F39D00A00551 /* GenreConfigModalViewController.swift in Sources */ = {isa = PBXBuildFile; fileRef = A3735E7E1FD9F39D00A00551 /* GenreConfigModalViewController.swift */; };
		A3735E951FDA0D2E00A00551 /* DataBufferBlock.m in Sources */ = {isa = PBXBuildFile; fileRef = A3735E831FDA0D2C00A00551 /* DataBufferBlock.m */; };
		A3735E961FDA0D2E00A00551 /* PeakFinder.m in Sources */ = {isa = PBXBuildFile; fileRef = A3735E871FDA0D2C00A00551 /* PeakFinder.m */; };
		A3735E971FDA0D2E00A00551 /* CircularBuffer.m in Sources */ = {isa = PBXBuildFile; fileRef = A3735E881FDA0D2D00A00551 /* CircularBuffer.m */; };
		A3735E981FDA0D2E00A00551 /* BufferedOverlapQueue.m in Sources */ = {isa = PBXBuildFile; fileRef = A3735E8B1FDA0D2D00A00551 /* BufferedOverlapQueue.m */; };
		A3735E991FDA0D2E00A00551 /* CubicSpline.m in Sources */ = {isa = PBXBuildFile; fileRef = A3735E8D1FDA0D2D00A00551 /* CubicSpline.m */; };
		A3735E9A1FDA0D2E00A00551 /* AudioFileReader.m in Sources */ = {isa = PBXBuildFile; fileRef = A3735E8E1FDA0D2D00A00551 /* AudioFileReader.m */; };
		A3735E9B1FDA0D2E00A00551 /* FFTHelper.m in Sources */ = {isa = PBXBuildFile; fileRef = A3735E911FDA0D2D00A00551 /* FFTHelper.m */; };
		A3735E9C1FDA0D2E00A00551 /* libmfcc.c in Sources */ = {isa = PBXBuildFile; fileRef = A3735E921FDA0D2D00A00551 /* libmfcc.c */; };
		A3735E9D1FDA0D2E00A00551 /* Novocaine.m in Sources */ = {isa = PBXBuildFile; fileRef = A3735E941FDA0D2E00A00551 /* Novocaine.m */; };
		A3735E9F1FDA0DB000A00551 /* AudioProcessor.m in Sources */ = {isa = PBXBuildFile; fileRef = A3735E9E1FDA0DB000A00551 /* AudioProcessor.m */; };
		A3C852261FD893E00000324E /* AppDelegate.swift in Sources */ = {isa = PBXBuildFile; fileRef = A3C852251FD893E00000324E /* AppDelegate.swift */; };
		A3C852281FD893E00000324E /* ViewController.swift in Sources */ = {isa = PBXBuildFile; fileRef = A3C852271FD893E00000324E /* ViewController.swift */; };
		A3C8522B1FD893E00000324E /* Main.storyboard in Resources */ = {isa = PBXBuildFile; fileRef = A3C852291FD893E00000324E /* Main.storyboard */; };
		A3C8522D1FD893E00000324E /* Assets.xcassets in Resources */ = {isa = PBXBuildFile; fileRef = A3C8522C1FD893E00000324E /* Assets.xcassets */; };
		A3C852301FD893E00000324E /* LaunchScreen.storyboard in Resources */ = {isa = PBXBuildFile; fileRef = A3C8522E1FD893E00000324E /* LaunchScreen.storyboard */; };
		A3F27BFA1FDA3F88004A0984 /* CNNPredictGenre.mlmodel in Sources */ = {isa = PBXBuildFile; fileRef = A3F27BF91FDA3F88004A0984 /* CNNPredictGenre.mlmodel */; };
		A3F27BFC1FDA4F94004A0984 /* GenreColorModel.swift in Sources */ = {isa = PBXBuildFile; fileRef = A3F27BFB1FDA4F94004A0984 /* GenreColorModel.swift */; };
		A3F27BFF1FDA7A40004A0984 /* ColorCellSelectable.swift in Sources */ = {isa = PBXBuildFile; fileRef = A3F27BFD1FDA7A40004A0984 /* ColorCellSelectable.swift */; };
		A3F27C001FDA7A40004A0984 /* ColorCellSelectable.xib in Resources */ = {isa = PBXBuildFile; fileRef = A3F27BFE1FDA7A40004A0984 /* ColorCellSelectable.xib */; };
		ACB9896F0F25453C1B01E563 /* Pods_ColorWave.framework in Frameworks */ = {isa = PBXBuildFile; fileRef = 561AA332425625867122B248 /* Pods_ColorWave.framework */; };
/* End PBXBuildFile section */

/* Begin PBXFileReference section */
		47F3F3D957B17B1B0FA5625D /* Pods-ColorWave.release.xcconfig */ = {isa = PBXFileReference; includeInIndex = 1; lastKnownFileType = text.xcconfig; name = "Pods-ColorWave.release.xcconfig"; path = "Pods/Target Support Files/Pods-ColorWave/Pods-ColorWave.release.xcconfig"; sourceTree = "<group>"; };
		561AA332425625867122B248 /* Pods_ColorWave.framework */ = {isa = PBXFileReference; explicitFileType = wrapper.framework; includeInIndex = 0; path = Pods_ColorWave.framework; sourceTree = BUILT_PRODUCTS_DIR; };
		7CEB73DF1A16C4877190390F /* Pods-ColorWave.debug.xcconfig */ = {isa = PBXFileReference; includeInIndex = 1; lastKnownFileType = text.xcconfig; name = "Pods-ColorWave.debug.xcconfig"; path = "Pods/Target Support Files/Pods-ColorWave/Pods-ColorWave.debug.xcconfig"; sourceTree = "<group>"; };
		A32D5C8C1FD928DC008F41EA /* GenreCollectionViewCell.swift */ = {isa = PBXFileReference; lastKnownFileType = sourcecode.swift; path = GenreCollectionViewCell.swift; sourceTree = "<group>"; };
		A32D5C921FD964A4008F41EA /* GenreCollectionViewCell.xib */ = {isa = PBXFileReference; lastKnownFileType = file.xib; path = GenreCollectionViewCell.xib; sourceTree = "<group>"; };
		A3735E7A1FD9EA6700A00551 /* ColorCell.swift */ = {isa = PBXFileReference; lastKnownFileType = sourcecode.swift; path = ColorCell.swift; sourceTree = "<group>"; };
		A3735E7B1FD9EA6700A00551 /* ColorCell.xib */ = {isa = PBXFileReference; lastKnownFileType = file.xib; path = ColorCell.xib; sourceTree = "<group>"; };
		A3735E7E1FD9F39D00A00551 /* GenreConfigModalViewController.swift */ = {isa = PBXFileReference; lastKnownFileType = sourcecode.swift; path = GenreConfigModalViewController.swift; sourceTree = "<group>"; };
		A3735E821FDA0D2B00A00551 /* ColorWave-Bridging-Header.h */ = {isa = PBXFileReference; lastKnownFileType = sourcecode.c.h; path = "ColorWave-Bridging-Header.h"; sourceTree = "<group>"; };
		A3735E831FDA0D2C00A00551 /* DataBufferBlock.m */ = {isa = PBXFileReference; fileEncoding = 4; lastKnownFileType = sourcecode.c.objc; name = DataBufferBlock.m; path = ../../ColorWaveDev/AudioDSPUtils/DataBufferBlock.m; sourceTree = "<group>"; };
		A3735E841FDA0D2C00A00551 /* BufferedOverlapQueue.h */ = {isa = PBXFileReference; fileEncoding = 4; lastKnownFileType = sourcecode.c.h; name = BufferedOverlapQueue.h; path = ../../ColorWaveDev/AudioDSPUtils/BufferedOverlapQueue.h; sourceTree = "<group>"; };
		A3735E851FDA0D2C00A00551 /* PeakFinder.h */ = {isa = PBXFileReference; fileEncoding = 4; lastKnownFileType = sourcecode.c.h; name = PeakFinder.h; path = ../../ColorWaveDev/AudioDSPUtils/PeakFinder.h; sourceTree = "<group>"; };
		A3735E861FDA0D2C00A00551 /* Novocaine.h */ = {isa = PBXFileReference; fileEncoding = 4; lastKnownFileType = sourcecode.c.h; name = Novocaine.h; path = ../../ColorWaveDev/AudioDSPUtils/Novocaine.h; sourceTree = "<group>"; };
		A3735E871FDA0D2C00A00551 /* PeakFinder.m */ = {isa = PBXFileReference; fileEncoding = 4; lastKnownFileType = sourcecode.c.objc; name = PeakFinder.m; path = ../../ColorWaveDev/AudioDSPUtils/PeakFinder.m; sourceTree = "<group>"; };
		A3735E881FDA0D2D00A00551 /* CircularBuffer.m */ = {isa = PBXFileReference; fileEncoding = 4; lastKnownFileType = sourcecode.c.objc; name = CircularBuffer.m; path = ../../ColorWaveDev/AudioDSPUtils/CircularBuffer.m; sourceTree = "<group>"; };
		A3735E891FDA0D2D00A00551 /* AudioFileReader.h */ = {isa = PBXFileReference; fileEncoding = 4; lastKnownFileType = sourcecode.c.h; name = AudioFileReader.h; path = ../../ColorWaveDev/AudioDSPUtils/AudioFileReader.h; sourceTree = "<group>"; };
		A3735E8A1FDA0D2D00A00551 /* FFTHelper.h */ = {isa = PBXFileReference; fileEncoding = 4; lastKnownFileType = sourcecode.c.h; name = FFTHelper.h; path = ../../ColorWaveDev/AudioDSPUtils/FFTHelper.h; sourceTree = "<group>"; };
		A3735E8B1FDA0D2D00A00551 /* BufferedOverlapQueue.m */ = {isa = PBXFileReference; fileEncoding = 4; lastKnownFileType = sourcecode.c.objc; name = BufferedOverlapQueue.m; path = ../../ColorWaveDev/AudioDSPUtils/BufferedOverlapQueue.m; sourceTree = "<group>"; };
		A3735E8C1FDA0D2D00A00551 /* libmfcc.h */ = {isa = PBXFileReference; fileEncoding = 4; lastKnownFileType = sourcecode.c.h; name = libmfcc.h; path = ../../ColorWaveDev/AudioDSPUtils/libmfcc.h; sourceTree = "<group>"; };
		A3735E8D1FDA0D2D00A00551 /* CubicSpline.m */ = {isa = PBXFileReference; fileEncoding = 4; lastKnownFileType = sourcecode.c.objc; name = CubicSpline.m; path = ../../ColorWaveDev/AudioDSPUtils/CubicSpline.m; sourceTree = "<group>"; };
		A3735E8E1FDA0D2D00A00551 /* AudioFileReader.m */ = {isa = PBXFileReference; fileEncoding = 4; lastKnownFileType = sourcecode.c.objc; name = AudioFileReader.m; path = ../../ColorWaveDev/AudioDSPUtils/AudioFileReader.m; sourceTree = "<group>"; };
		A3735E8F1FDA0D2D00A00551 /* CubicSpline.h */ = {isa = PBXFileReference; fileEncoding = 4; lastKnownFileType = sourcecode.c.h; name = CubicSpline.h; path = ../../ColorWaveDev/AudioDSPUtils/CubicSpline.h; sourceTree = "<group>"; };
		A3735E901FDA0D2D00A00551 /* CircularBuffer.h */ = {isa = PBXFileReference; fileEncoding = 4; lastKnownFileType = sourcecode.c.h; name = CircularBuffer.h; path = ../../ColorWaveDev/AudioDSPUtils/CircularBuffer.h; sourceTree = "<group>"; };
		A3735E911FDA0D2D00A00551 /* FFTHelper.m */ = {isa = PBXFileReference; fileEncoding = 4; lastKnownFileType = sourcecode.c.objc; name = FFTHelper.m; path = ../../ColorWaveDev/AudioDSPUtils/FFTHelper.m; sourceTree = "<group>"; };
		A3735E921FDA0D2D00A00551 /* libmfcc.c */ = {isa = PBXFileReference; fileEncoding = 4; lastKnownFileType = sourcecode.c.c; name = libmfcc.c; path = ../../ColorWaveDev/AudioDSPUtils/libmfcc.c; sourceTree = "<group>"; };
		A3735E931FDA0D2E00A00551 /* DataBufferBlock.h */ = {isa = PBXFileReference; fileEncoding = 4; lastKnownFileType = sourcecode.c.h; name = DataBufferBlock.h; path = ../../ColorWaveDev/AudioDSPUtils/DataBufferBlock.h; sourceTree = "<group>"; };
		A3735E941FDA0D2E00A00551 /* Novocaine.m */ = {isa = PBXFileReference; fileEncoding = 4; lastKnownFileType = sourcecode.c.objc; name = Novocaine.m; path = ../../ColorWaveDev/AudioDSPUtils/Novocaine.m; sourceTree = "<group>"; };
		A3735E9E1FDA0DB000A00551 /* AudioProcessor.m */ = {isa = PBXFileReference; fileEncoding = 4; lastKnownFileType = sourcecode.c.objc; name = AudioProcessor.m; path = ../../ColorWaveDev/ColorWave/AudioProcessor.m; sourceTree = "<group>"; };
		A3735EA01FDA0DC700A00551 /* AudioProcessor.h */ = {isa = PBXFileReference; fileEncoding = 4; lastKnownFileType = sourcecode.c.h; name = AudioProcessor.h; path = ../../ColorWaveDev/ColorWave/AudioProcessor.h; sourceTree = "<group>"; };
		A3C852221FD893E00000324E /* ColorWave.app */ = {isa = PBXFileReference; explicitFileType = wrapper.application; includeInIndex = 0; path = ColorWave.app; sourceTree = BUILT_PRODUCTS_DIR; };
		A3C852251FD893E00000324E /* AppDelegate.swift */ = {isa = PBXFileReference; lastKnownFileType = sourcecode.swift; path = AppDelegate.swift; sourceTree = "<group>"; };
		A3C852271FD893E00000324E /* ViewController.swift */ = {isa = PBXFileReference; lastKnownFileType = sourcecode.swift; path = ViewController.swift; sourceTree = "<group>"; };
		A3C8522A1FD893E00000324E /* Base */ = {isa = PBXFileReference; lastKnownFileType = file.storyboard; name = Base; path = Base.lproj/Main.storyboard; sourceTree = "<group>"; };
		A3C8522C1FD893E00000324E /* Assets.xcassets */ = {isa = PBXFileReference; lastKnownFileType = folder.assetcatalog; path = Assets.xcassets; sourceTree = "<group>"; };
		A3C8522F1FD893E00000324E /* Base */ = {isa = PBXFileReference; lastKnownFileType = file.storyboard; name = Base; path = Base.lproj/LaunchScreen.storyboard; sourceTree = "<group>"; };
		A3C852311FD893E00000324E /* Info.plist */ = {isa = PBXFileReference; lastKnownFileType = text.plist.xml; path = Info.plist; sourceTree = "<group>"; };
		A3F27BF91FDA3F88004A0984 /* CNNPredictGenre.mlmodel */ = {isa = PBXFileReference; lastKnownFileType = file.mlmodel; name = CNNPredictGenre.mlmodel; path = ML/CNNPredictGenre.mlmodel; sourceTree = SOURCE_ROOT; };
		A3F27BFB1FDA4F94004A0984 /* GenreColorModel.swift */ = {isa = PBXFileReference; lastKnownFileType = sourcecode.swift; path = GenreColorModel.swift; sourceTree = "<group>"; };
		A3F27BFD1FDA7A40004A0984 /* ColorCellSelectable.swift */ = {isa = PBXFileReference; lastKnownFileType = sourcecode.swift; path = ColorCellSelectable.swift; sourceTree = "<group>"; };
		A3F27BFE1FDA7A40004A0984 /* ColorCellSelectable.xib */ = {isa = PBXFileReference; lastKnownFileType = file.xib; path = ColorCellSelectable.xib; sourceTree = "<group>"; };
/* End PBXFileReference section */

/* Begin PBXFrameworksBuildPhase section */
		A3C8521F1FD893E00000324E /* Frameworks */ = {
			isa = PBXFrameworksBuildPhase;
			buildActionMask = 2147483647;
			files = (
				ACB9896F0F25453C1B01E563 /* Pods_ColorWave.framework in Frameworks */,
			);
			runOnlyForDeploymentPostprocessing = 0;
		};
/* End PBXFrameworksBuildPhase section */

/* Begin PBXGroup section */
		1530CD349068858FEAA9B391 /* Frameworks */ = {
			isa = PBXGroup;
			children = (
				561AA332425625867122B248 /* Pods_ColorWave.framework */,
			);
			name = Frameworks;
			sourceTree = "<group>";
		};
		7481E8CDFEA63E8E5D677FC2 /* Pods */ = {
			isa = PBXGroup;
			children = (
				7CEB73DF1A16C4877190390F /* Pods-ColorWave.debug.xcconfig */,
				47F3F3D957B17B1B0FA5625D /* Pods-ColorWave.release.xcconfig */,
			);
			name = Pods;
			sourceTree = "<group>";
		};
		A3735E811FDA0D0800A00551 /* AudioDSPUtils */ = {
			isa = PBXGroup;
			children = (
				A3735E891FDA0D2D00A00551 /* AudioFileReader.h */,
				A3735E8E1FDA0D2D00A00551 /* AudioFileReader.m */,
				A3735E841FDA0D2C00A00551 /* BufferedOverlapQueue.h */,
				A3735E8B1FDA0D2D00A00551 /* BufferedOverlapQueue.m */,
				A3735E901FDA0D2D00A00551 /* CircularBuffer.h */,
				A3735E881FDA0D2D00A00551 /* CircularBuffer.m */,
				A3735E8F1FDA0D2D00A00551 /* CubicSpline.h */,
				A3735E8D1FDA0D2D00A00551 /* CubicSpline.m */,
				A3735E931FDA0D2E00A00551 /* DataBufferBlock.h */,
				A3735E831FDA0D2C00A00551 /* DataBufferBlock.m */,
				A3735E8A1FDA0D2D00A00551 /* FFTHelper.h */,
				A3735E911FDA0D2D00A00551 /* FFTHelper.m */,
				A3735E921FDA0D2D00A00551 /* libmfcc.c */,
				A3735E8C1FDA0D2D00A00551 /* libmfcc.h */,
				A3735E861FDA0D2C00A00551 /* Novocaine.h */,
				A3735E941FDA0D2E00A00551 /* Novocaine.m */,
				A3735E851FDA0D2C00A00551 /* PeakFinder.h */,
				A3735E871FDA0D2C00A00551 /* PeakFinder.m */,
				A3735E821FDA0D2B00A00551 /* ColorWave-Bridging-Header.h */,
			);
			path = AudioDSPUtils;
			sourceTree = "<group>";
		};
		A3C852191FD893E00000324E = {
			isa = PBXGroup;
			children = (
				A3735E811FDA0D0800A00551 /* AudioDSPUtils */,
				A3C852241FD893E00000324E /* ColorWave */,
				A3C852231FD893E00000324E /* Products */,
				7481E8CDFEA63E8E5D677FC2 /* Pods */,
				1530CD349068858FEAA9B391 /* Frameworks */,
			);
			sourceTree = "<group>";
		};
		A3C852231FD893E00000324E /* Products */ = {
			isa = PBXGroup;
			children = (
				A3C852221FD893E00000324E /* ColorWave.app */,
			);
			name = Products;
			sourceTree = "<group>";
		};
		A3C852241FD893E00000324E /* ColorWave */ = {
			isa = PBXGroup;
			children = (
				A3F27BF91FDA3F88004A0984 /* CNNPredictGenre.mlmodel */,
				A3735EA01FDA0DC700A00551 /* AudioProcessor.h */,
				A3735E9E1FDA0DB000A00551 /* AudioProcessor.m */,
				A3C852251FD893E00000324E /* AppDelegate.swift */,
				A3C852271FD893E00000324E /* ViewController.swift */,
				A3F27BFB1FDA4F94004A0984 /* GenreColorModel.swift */,
				A32D5C921FD964A4008F41EA /* GenreCollectionViewCell.xib */,
				A32D5C8C1FD928DC008F41EA /* GenreCollectionViewCell.swift */,
				A3C852291FD893E00000324E /* Main.storyboard */,
				A3735E7E1FD9F39D00A00551 /* GenreConfigModalViewController.swift */,
				A3C8522C1FD893E00000324E /* Assets.xcassets */,
				A3C8522E1FD893E00000324E /* LaunchScreen.storyboard */,
				A3C852311FD893E00000324E /* Info.plist */,
				A3735E7A1FD9EA6700A00551 /* ColorCell.swift */,
				A3735E7B1FD9EA6700A00551 /* ColorCell.xib */,
				A3F27BFD1FDA7A40004A0984 /* ColorCellSelectable.swift */,
				A3F27BFE1FDA7A40004A0984 /* ColorCellSelectable.xib */,
			);
			path = ColorWave;
			sourceTree = "<group>";
		};
/* End PBXGroup section */

/* Begin PBXNativeTarget section */
		A3C852211FD893E00000324E /* ColorWave */ = {
			isa = PBXNativeTarget;
			buildConfigurationList = A3C852341FD893E00000324E /* Build configuration list for PBXNativeTarget "ColorWave" */;
			buildPhases = (
				7510B50621B75D1D17EC0933 /* [CP] Check Pods Manifest.lock */,
				A3C8521E1FD893E00000324E /* Sources */,
				A3C8521F1FD893E00000324E /* Frameworks */,
				A3C852201FD893E00000324E /* Resources */,
				1BE4FE175D14D6EFAE1DB4F4 /* [CP] Embed Pods Frameworks */,
				0BA604611F934D20F06A2F99 /* [CP] Copy Pods Resources */,
			);
			buildRules = (
			);
			dependencies = (
			);
			name = ColorWave;
			productName = ColorWave;
			productReference = A3C852221FD893E00000324E /* ColorWave.app */;
			productType = "com.apple.product-type.application";
		};
/* End PBXNativeTarget section */

/* Begin PBXProject section */
		A3C8521A1FD893E00000324E /* Project object */ = {
			isa = PBXProject;
			attributes = {
				LastSwiftUpdateCheck = 0920;
				LastUpgradeCheck = 0920;
				ORGANIZATIONNAME = SMU;
				TargetAttributes = {
					A3C852211FD893E00000324E = {
						CreatedOnToolsVersion = 9.2;
						LastSwiftMigration = 0920;
						ProvisioningStyle = Automatic;
					};
				};
			};
			buildConfigurationList = A3C8521D1FD893E00000324E /* Build configuration list for PBXProject "ColorWave" */;
			compatibilityVersion = "Xcode 8.0";
			developmentRegion = en;
			hasScannedForEncodings = 0;
			knownRegions = (
				en,
				Base,
			);
			mainGroup = A3C852191FD893E00000324E;
			productRefGroup = A3C852231FD893E00000324E /* Products */;
			projectDirPath = "";
			projectRoot = "";
			targets = (
				A3C852211FD893E00000324E /* ColorWave */,
			);
		};
/* End PBXProject section */

/* Begin PBXResourcesBuildPhase section */
		A3C852201FD893E00000324E /* Resources */ = {
			isa = PBXResourcesBuildPhase;
			buildActionMask = 2147483647;
			files = (
				A32D5C931FD964A4008F41EA /* GenreCollectionViewCell.xib in Resources */,
				A3C852301FD893E00000324E /* LaunchScreen.storyboard in Resources */,
				A3C8522D1FD893E00000324E /* Assets.xcassets in Resources */,
				A3735E7D1FD9EA6700A00551 /* ColorCell.xib in Resources */,
				A3C8522B1FD893E00000324E /* Main.storyboard in Resources */,
				A3F27C001FDA7A40004A0984 /* ColorCellSelectable.xib in Resources */,
			);
			runOnlyForDeploymentPostprocessing = 0;
		};
/* End PBXResourcesBuildPhase section */

/* Begin PBXShellScriptBuildPhase section */
		0BA604611F934D20F06A2F99 /* [CP] Copy Pods Resources */ = {
			isa = PBXShellScriptBuildPhase;
			buildActionMask = 2147483647;
			files = (
			);
			inputPaths = (
			);
			name = "[CP] Copy Pods Resources";
			outputPaths = (
			);
			runOnlyForDeploymentPostprocessing = 0;
			shellPath = /bin/sh;
			shellScript = "\"${SRCROOT}/Pods/Target Support Files/Pods-ColorWave/Pods-ColorWave-resources.sh\"\n";
			showEnvVarsInLog = 0;
		};
		1BE4FE175D14D6EFAE1DB4F4 /* [CP] Embed Pods Frameworks */ = {
			isa = PBXShellScriptBuildPhase;
			buildActionMask = 2147483647;
			files = (
			);
			inputPaths = (
				"${SRCROOT}/Pods/Target Support Files/Pods-ColorWave/Pods-ColorWave-frameworks.sh",
				"${BUILT_PRODUCTS_DIR}/Alamofire/Alamofire.framework",
				"${BUILT_PRODUCTS_DIR}/Charts/Charts.framework",
				"${BUILT_PRODUCTS_DIR}/CocoaAsyncSocket/CocoaAsyncSocket.framework",
				"${BUILT_PRODUCTS_DIR}/Gloss/Gloss.framework",
				"${BUILT_PRODUCTS_DIR}/Log/Log.framework",
				"${BUILT_PRODUCTS_DIR}/Material/Material.framework",
				"${BUILT_PRODUCTS_DIR}/Motion/Motion.framework",
				"${BUILT_PRODUCTS_DIR}/SwiftyHue/SwiftyHue.framework",
			);
			name = "[CP] Embed Pods Frameworks";
			outputPaths = (
				"${TARGET_BUILD_DIR}/${FRAMEWORKS_FOLDER_PATH}/Alamofire.framework",
				"${TARGET_BUILD_DIR}/${FRAMEWORKS_FOLDER_PATH}/Charts.framework",
				"${TARGET_BUILD_DIR}/${FRAMEWORKS_FOLDER_PATH}/CocoaAsyncSocket.framework",
				"${TARGET_BUILD_DIR}/${FRAMEWORKS_FOLDER_PATH}/Gloss.framework",
				"${TARGET_BUILD_DIR}/${FRAMEWORKS_FOLDER_PATH}/Log.framework",
				"${TARGET_BUILD_DIR}/${FRAMEWORKS_FOLDER_PATH}/Material.framework",
				"${TARGET_BUILD_DIR}/${FRAMEWORKS_FOLDER_PATH}/Motion.framework",
				"${TARGET_BUILD_DIR}/${FRAMEWORKS_FOLDER_PATH}/SwiftyHue.framework",
			);
			runOnlyForDeploymentPostprocessing = 0;
			shellPath = /bin/sh;
			shellScript = "\"${SRCROOT}/Pods/Target Support Files/Pods-ColorWave/Pods-ColorWave-frameworks.sh\"\n";
			showEnvVarsInLog = 0;
		};
		7510B50621B75D1D17EC0933 /* [CP] Check Pods Manifest.lock */ = {
			isa = PBXShellScriptBuildPhase;
			buildActionMask = 2147483647;
			files = (
			);
			inputPaths = (
				"${PODS_PODFILE_DIR_PATH}/Podfile.lock",
				"${PODS_ROOT}/Manifest.lock",
			);
			name = "[CP] Check Pods Manifest.lock";
			outputPaths = (
				"$(DERIVED_FILE_DIR)/Pods-ColorWave-checkManifestLockResult.txt",
			);
			runOnlyForDeploymentPostprocessing = 0;
			shellPath = /bin/sh;
			shellScript = "diff \"${PODS_PODFILE_DIR_PATH}/Podfile.lock\" \"${PODS_ROOT}/Manifest.lock\" > /dev/null\nif [ $? != 0 ] ; then\n    # print error to STDERR\n    echo \"error: The sandbox is not in sync with the Podfile.lock. Run 'pod install' or update your CocoaPods installation.\" >&2\n    exit 1\nfi\n# This output is used by Xcode 'outputs' to avoid re-running this script phase.\necho \"SUCCESS\" > \"${SCRIPT_OUTPUT_FILE_0}\"\n";
			showEnvVarsInLog = 0;
		};
/* End PBXShellScriptBuildPhase section */

/* Begin PBXSourcesBuildPhase section */
		A3C8521E1FD893E00000324E /* Sources */ = {
			isa = PBXSourcesBuildPhase;
			buildActionMask = 2147483647;
			files = (
				A3735E961FDA0D2E00A00551 /* PeakFinder.m in Sources */,
				A3735E991FDA0D2E00A00551 /* CubicSpline.m in Sources */,
				A3735E9B1FDA0D2E00A00551 /* FFTHelper.m in Sources */,
				A3735E9F1FDA0DB000A00551 /* AudioProcessor.m in Sources */,
				A3C852281FD893E00000324E /* ViewController.swift in Sources */,
				A3F27BFF1FDA7A40004A0984 /* ColorCellSelectable.swift in Sources */,
				A3735E971FDA0D2E00A00551 /* CircularBuffer.m in Sources */,
				A3735E7F1FD9F39D00A00551 /* GenreConfigModalViewController.swift in Sources */,
				A3735E9C1FDA0D2E00A00551 /* libmfcc.c in Sources */,
				A3735E7C1FD9EA6700A00551 /* ColorCell.swift in Sources */,
				A3735E951FDA0D2E00A00551 /* DataBufferBlock.m in Sources */,
				A3F27BFA1FDA3F88004A0984 /* CNNPredictGenre.mlmodel in Sources */,
				A32D5C8D1FD928DC008F41EA /* GenreCollectionViewCell.swift in Sources */,
				A3735E9D1FDA0D2E00A00551 /* Novocaine.m in Sources */,
				A3735E9A1FDA0D2E00A00551 /* AudioFileReader.m in Sources */,
				A3735E981FDA0D2E00A00551 /* BufferedOverlapQueue.m in Sources */,
				A3F27BFC1FDA4F94004A0984 /* GenreColorModel.swift in Sources */,
				A3C852261FD893E00000324E /* AppDelegate.swift in Sources */,
			);
			runOnlyForDeploymentPostprocessing = 0;
		};
/* End PBXSourcesBuildPhase section */

/* Begin PBXVariantGroup section */
		A3C852291FD893E00000324E /* Main.storyboard */ = {
			isa = PBXVariantGroup;
			children = (
				A3C8522A1FD893E00000324E /* Base */,
			);
			name = Main.storyboard;
			sourceTree = "<group>";
		};
		A3C8522E1FD893E00000324E /* LaunchScreen.storyboard */ = {
			isa = PBXVariantGroup;
			children = (
				A3C8522F1FD893E00000324E /* Base */,
			);
			name = LaunchScreen.storyboard;
			sourceTree = "<group>";
		};
/* End PBXVariantGroup section */

/* Begin XCBuildConfiguration section */
		A3C852321FD893E00000324E /* Debug */ = {
			isa = XCBuildConfiguration;
			buildSettings = {
				ALWAYS_SEARCH_USER_PATHS = NO;
				CLANG_ANALYZER_NONNULL = YES;
				CLANG_ANALYZER_NUMBER_OBJECT_CONVERSION = YES_AGGRESSIVE;
				CLANG_CXX_LANGUAGE_STANDARD = "gnu++14";
				CLANG_CXX_LIBRARY = "libc++";
				CLANG_ENABLE_MODULES = YES;
				CLANG_ENABLE_OBJC_ARC = YES;
				CLANG_WARN_BLOCK_CAPTURE_AUTORELEASING = YES;
				CLANG_WARN_BOOL_CONVERSION = YES;
				CLANG_WARN_COMMA = YES;
				CLANG_WARN_CONSTANT_CONVERSION = YES;
				CLANG_WARN_DIRECT_OBJC_ISA_USAGE = YES_ERROR;
				CLANG_WARN_DOCUMENTATION_COMMENTS = YES;
				CLANG_WARN_EMPTY_BODY = YES;
				CLANG_WARN_ENUM_CONVERSION = YES;
				CLANG_WARN_INFINITE_RECURSION = YES;
				CLANG_WARN_INT_CONVERSION = YES;
				CLANG_WARN_NON_LITERAL_NULL_CONVERSION = YES;
				CLANG_WARN_OBJC_LITERAL_CONVERSION = YES;
				CLANG_WARN_OBJC_ROOT_CLASS = YES_ERROR;
				CLANG_WARN_RANGE_LOOP_ANALYSIS = YES;
				CLANG_WARN_STRICT_PROTOTYPES = YES;
				CLANG_WARN_SUSPICIOUS_MOVE = YES;
				CLANG_WARN_UNGUARDED_AVAILABILITY = YES_AGGRESSIVE;
				CLANG_WARN_UNREACHABLE_CODE = YES;
				CLANG_WARN__DUPLICATE_METHOD_MATCH = YES;
				CODE_SIGN_IDENTITY = "iPhone Developer";
				COPY_PHASE_STRIP = NO;
				DEBUG_INFORMATION_FORMAT = dwarf;
				ENABLE_STRICT_OBJC_MSGSEND = YES;
				ENABLE_TESTABILITY = YES;
				GCC_C_LANGUAGE_STANDARD = gnu11;
				GCC_DYNAMIC_NO_PIC = NO;
				GCC_NO_COMMON_BLOCKS = YES;
				GCC_OPTIMIZATION_LEVEL = 0;
				GCC_PREPROCESSOR_DEFINITIONS = (
					"DEBUG=1",
					"$(inherited)",
				);
				GCC_WARN_64_TO_32_BIT_CONVERSION = YES;
				GCC_WARN_ABOUT_RETURN_TYPE = YES_ERROR;
				GCC_WARN_UNDECLARED_SELECTOR = YES;
				GCC_WARN_UNINITIALIZED_AUTOS = YES_AGGRESSIVE;
				GCC_WARN_UNUSED_FUNCTION = YES;
				GCC_WARN_UNUSED_VARIABLE = YES;
				IPHONEOS_DEPLOYMENT_TARGET = 11.2;
				MTL_ENABLE_DEBUG_INFO = YES;
				ONLY_ACTIVE_ARCH = YES;
				SDKROOT = iphoneos;
				SWIFT_ACTIVE_COMPILATION_CONDITIONS = DEBUG;
				SWIFT_OPTIMIZATION_LEVEL = "-Onone";
			};
			name = Debug;
		};
		A3C852331FD893E00000324E /* Release */ = {
			isa = XCBuildConfiguration;
			buildSettings = {
				ALWAYS_SEARCH_USER_PATHS = NO;
				CLANG_ANALYZER_NONNULL = YES;
				CLANG_ANALYZER_NUMBER_OBJECT_CONVERSION = YES_AGGRESSIVE;
				CLANG_CXX_LANGUAGE_STANDARD = "gnu++14";
				CLANG_CXX_LIBRARY = "libc++";
				CLANG_ENABLE_MODULES = YES;
				CLANG_ENABLE_OBJC_ARC = YES;
				CLANG_WARN_BLOCK_CAPTURE_AUTORELEASING = YES;
				CLANG_WARN_BOOL_CONVERSION = YES;
				CLANG_WARN_COMMA = YES;
				CLANG_WARN_CONSTANT_CONVERSION = YES;
				CLANG_WARN_DIRECT_OBJC_ISA_USAGE = YES_ERROR;
				CLANG_WARN_DOCUMENTATION_COMMENTS = YES;
				CLANG_WARN_EMPTY_BODY = YES;
				CLANG_WARN_ENUM_CONVERSION = YES;
				CLANG_WARN_INFINITE_RECURSION = YES;
				CLANG_WARN_INT_CONVERSION = YES;
				CLANG_WARN_NON_LITERAL_NULL_CONVERSION = YES;
				CLANG_WARN_OBJC_LITERAL_CONVERSION = YES;
				CLANG_WARN_OBJC_ROOT_CLASS = YES_ERROR;
				CLANG_WARN_RANGE_LOOP_ANALYSIS = YES;
				CLANG_WARN_STRICT_PROTOTYPES = YES;
				CLANG_WARN_SUSPICIOUS_MOVE = YES;
				CLANG_WARN_UNGUARDED_AVAILABILITY = YES_AGGRESSIVE;
				CLANG_WARN_UNREACHABLE_CODE = YES;
				CLANG_WARN__DUPLICATE_METHOD_MATCH = YES;
				CODE_SIGN_IDENTITY = "iPhone Developer";
				COPY_PHASE_STRIP = NO;
				DEBUG_INFORMATION_FORMAT = "dwarf-with-dsym";
				ENABLE_NS_ASSERTIONS = NO;
				ENABLE_STRICT_OBJC_MSGSEND = YES;
				GCC_C_LANGUAGE_STANDARD = gnu11;
				GCC_NO_COMMON_BLOCKS = YES;
				GCC_WARN_64_TO_32_BIT_CONVERSION = YES;
				GCC_WARN_ABOUT_RETURN_TYPE = YES_ERROR;
				GCC_WARN_UNDECLARED_SELECTOR = YES;
				GCC_WARN_UNINITIALIZED_AUTOS = YES_AGGRESSIVE;
				GCC_WARN_UNUSED_FUNCTION = YES;
				GCC_WARN_UNUSED_VARIABLE = YES;
				IPHONEOS_DEPLOYMENT_TARGET = 11.2;
				MTL_ENABLE_DEBUG_INFO = NO;
				SDKROOT = iphoneos;
				SWIFT_OPTIMIZATION_LEVEL = "-Owholemodule";
				VALIDATE_PRODUCT = YES;
			};
			name = Release;
		};
		A3C852351FD893E00000324E /* Debug */ = {
			isa = XCBuildConfiguration;
			baseConfigurationReference = 7CEB73DF1A16C4877190390F /* Pods-ColorWave.debug.xcconfig */;
			buildSettings = {
				ASSETCATALOG_COMPILER_APPICON_NAME = AppIcon;
				CLANG_ENABLE_MODULES = YES;
				CODE_SIGN_STYLE = Automatic;
				DEVELOPMENT_TEAM = F69WJ27LN4;
				FRAMEWORK_SEARCH_PATHS = (
					"$(inherited)",
					"$(PROJECT_DIR)/ColorWave",
					"$(PROJECT_DIR)",
				);
				INFOPLIST_FILE = ColorWave/Info.plist;
				LD_RUNPATH_SEARCH_PATHS = "$(inherited) @executable_path/Frameworks";
				PRODUCT_BUNDLE_IDENTIFIER = edu.smu.lyle.cse5323.lhansen.ColorWave;
				PRODUCT_NAME = "$(TARGET_NAME)";
				SWIFT_OBJC_BRIDGING_HEADER = "AudioDSPUtils/ColorWave-Bridging-Header.h";
				SWIFT_OPTIMIZATION_LEVEL = "-Onone";
				SWIFT_VERSION = 4.0;
				TARGETED_DEVICE_FAMILY = "1,2";
			};
			name = Debug;
		};
		A3C852361FD893E00000324E /* Release */ = {
			isa = XCBuildConfiguration;
			baseConfigurationReference = 47F3F3D957B17B1B0FA5625D /* Pods-ColorWave.release.xcconfig */;
			buildSettings = {
				ASSETCATALOG_COMPILER_APPICON_NAME = AppIcon;
				CLANG_ENABLE_MODULES = YES;
				CODE_SIGN_STYLE = Automatic;
				DEVELOPMENT_TEAM = F69WJ27LN4;
				FRAMEWORK_SEARCH_PATHS = (
					"$(inherited)",
					"$(PROJECT_DIR)/ColorWave",
					"$(PROJECT_DIR)",
				);
				INFOPLIST_FILE = ColorWave/Info.plist;
				LD_RUNPATH_SEARCH_PATHS = "$(inherited) @executable_path/Frameworks";
				PRODUCT_BUNDLE_IDENTIFIER = edu.smu.lyle.cse5323.lhansen.ColorWave;
				PRODUCT_NAME = "$(TARGET_NAME)";
				SWIFT_OBJC_BRIDGING_HEADER = "AudioDSPUtils/ColorWave-Bridging-Header.h";
				SWIFT_VERSION = 4.0;
				TARGETED_DEVICE_FAMILY = "1,2";
			};
			name = Release;
		};
/* End XCBuildConfiguration section */

/* Begin XCConfigurationList section */
		A3C8521D1FD893E00000324E /* Build configuration list for PBXProject "ColorWave" */ = {
			isa = XCConfigurationList;
			buildConfigurations = (
				A3C852321FD893E00000324E /* Debug */,
				A3C852331FD893E00000324E /* Release */,
			);
			defaultConfigurationIsVisible = 0;
			defaultConfigurationName = Release;
		};
		A3C852341FD893E00000324E /* Build configuration list for PBXNativeTarget "ColorWave" */ = {
			isa = XCConfigurationList;
			buildConfigurations = (
				A3C852351FD893E00000324E /* Debug */,
				A3C852361FD893E00000324E /* Release */,
			);
			defaultConfigurationIsVisible = 0;
			defaultConfigurationName = Release;
		};
/* End XCConfigurationList section */
	};
	rootObject = A3C8521A1FD893E00000324E /* Project object */;
}
